
Microsoft Visual Studio Solution File, Format Version 12.00
# Visual Studio Version 17
VisualStudioVersion = 17.4.33213.308
MinimumVisualStudioVersion = 10.0.40219.1
Project("{FAE04EC0-301F-11D3-BF4B-00C04F79EFBC}") = "SalesWebMvc", "SalesWebMvc\SalesWebMvc.csproj", "{6C7ED0B0-51E5-48F9-A016-F48BFCD7B0EC}"
EndProject
Global
	GlobalSection(SolutionConfigurationPlatforms) = preSolution
		Debug|Any CPU = Debug|Any CPU
		Release|Any CPU = Release|Any CPU
	EndGlobalSection
	GlobalSection(ProjectConfigurationPlatforms) = postSolution
		{6C7ED0B0-51E5-48F9-A016-F48BFCD7B0EC}.Debug|Any CPU.ActiveCfg = Debug|Any CPU
		{6C7ED0B0-51E5-48F9-A016-F48BFCD7B0EC}.Debug|Any CPU.Build.0 = Debug|Any CPU
		{6C7ED0B0-51E5-48F9-A016-F48BFCD7B0EC}.Release|Any CPU.ActiveCfg = Release|Any CPU
		{6C7ED0B0-51E5-48F9-A016-F48BFCD7B0EC}.Release|Any CPU.Build.0 = Release|Any CPU
	EndGlobalSection
	GlobalSection(SolutionProperties) = preSolution
		HideSolutionNode = FALSE
	EndGlobalSection
	GlobalSection(ExtensibilityGlobals) = postSolution
		SolutionGuid = {A12CBADA-5528-450F-ACA3-A188CD1ADCED}
	EndGlobalSection
EndGlobal
